
Microsoft Visual Studio Solution File, Format Version 12.00
# Visual Studio Version 17
VisualStudioVersion = 17.10.35004.147
MinimumVisualStudioVersion = 10.0.40219.1
Project("{FAE04EC0-301F-11D3-BF4B-00C04F79EFBC}") = "Identity", "Identity\Identity.csproj", "{CFC7E578-1E89-49CA-BD73-8CC4B999C253}"
EndProject
Global
	GlobalSection(SolutionConfigurationPlatforms) = preSolution
		Debug|Any CPU = Debug|Any CPU
		Release|Any CPU = Release|Any CPU
	EndGlobalSection
	GlobalSection(ProjectConfigurationPlatforms) = postSolution
		{CFC7E578-1E89-49CA-BD73-8CC4B999C253}.Debug|Any CPU.ActiveCfg = Debug|Any CPU
		{CFC7E578-1E89-49CA-BD73-8CC4B999C253}.Debug|Any CPU.Build.0 = Debug|Any CPU
		{CFC7E578-1E89-49CA-BD73-8CC4B999C253}.Release|Any CPU.ActiveCfg = Release|Any CPU
		{CFC7E578-1E89-49CA-BD73-8CC4B999C253}.Release|Any CPU.Build.0 = Release|Any CPU
	EndGlobalSection
	GlobalSection(SolutionProperties) = preSolution
		HideSolutionNode = FALSE
	EndGlobalSection
	GlobalSection(ExtensibilityGlobals) = postSolution
		SolutionGuid = {01AF547A-AB6C-4F63-9BBE-5CABFADEFEB1}
	EndGlobalSection
EndGlobal
